
Microsoft Visual Studio Solution File, Format Version 12.00
# Visual Studio Version 17
VisualStudioVersion = 17.13.35931.197 d17.13
MinimumVisualStudioVersion = 10.0.40219.1
Project("{FAE04EC0-301F-11D3-BF4B-00C04F79EFBC}") = "MunicipalServicesApp", "MunicipalServicesApp\MunicipalServicesApp.csproj", "{9CA5B86C-76B4-4CD0-8343-61DB44E8C793}"
EndProject
Global
	GlobalSection(SolutionConfigurationPlatforms) = preSolution
		Debug|Any CPU = Debug|Any CPU
		Release|Any CPU = Release|Any CPU
	EndGlobalSection
	GlobalSection(ProjectConfigurationPlatforms) = postSolution
		{9CA5B86C-76B4-4CD0-8343-61DB44E8C793}.Debug|Any CPU.ActiveCfg = Debug|Any CPU
		{9CA5B86C-76B4-4CD0-8343-61DB44E8C793}.Debug|Any CPU.Build.0 = Debug|Any CPU
		{9CA5B86C-76B4-4CD0-8343-61DB44E8C793}.Release|Any CPU.ActiveCfg = Release|Any CPU
		{9CA5B86C-76B4-4CD0-8343-61DB44E8C793}.Release|Any CPU.Build.0 = Release|Any CPU
	EndGlobalSection
	GlobalSection(SolutionProperties) = preSolution
		HideSolutionNode = FALSE
	EndGlobalSection
	GlobalSection(ExtensibilityGlobals) = postSolution
		SolutionGuid = {5081A75B-6D9A-4EBD-AF44-57956EA6B0D0}
	EndGlobalSection
EndGlobal
